// !$*UTF8*$!
{
	archiveVersion = 1;
	classes = {
	};
	objectVersion = 55;
	objects = {

/* Begin PBXBuildFile section */
		1E2FF43D277881BA00E3DA30 /* GoogleService-Info.plist in Resources */ = {isa = PBXBuildFile; fileRef = 1E2FF43C277881BA00E3DA30 /* GoogleService-Info.plist */; };
		1E2FF4402778825E00E3DA30 /* FirebaseAuth in Frameworks */ = {isa = PBXBuildFile; productRef = 1E2FF43F2778825E00E3DA30 /* FirebaseAuth */; };
		1E2FF4422778825E00E3DA30 /* FirebaseFirestore in Frameworks */ = {isa = PBXBuildFile; productRef = 1E2FF4412778825E00E3DA30 /* FirebaseFirestore */; };
		1E2FF4442778825E00E3DA30 /* FirebaseStorage in Frameworks */ = {isa = PBXBuildFile; productRef = 1E2FF4432778825E00E3DA30 /* FirebaseStorage */; };
		1E2FF4492779935D00E3DA30 /* LadingViewController.swift in Sources */ = {isa = PBXBuildFile; fileRef = 1E2FF4482779935D00E3DA30 /* LadingViewController.swift */; };
		1E2FF44B277993BB00E3DA30 /* SignUpViewController.swift in Sources */ = {isa = PBXBuildFile; fileRef = 1E2FF44A277993BB00E3DA30 /* SignUpViewController.swift */; };
		1E2FF44D277993DB00E3DA30 /* SignInViewController.swift in Sources */ = {isa = PBXBuildFile; fileRef = 1E2FF44C277993DA00E3DA30 /* SignInViewController.swift */; };
		1E2FF44F277993F800E3DA30 /* HomeViewController.swift in Sources */ = {isa = PBXBuildFile; fileRef = 1E2FF44E277993F800E3DA30 /* HomeViewController.swift */; };
		1E2FF4512779943900E3DA30 /* User.swift in Sources */ = {isa = PBXBuildFile; fileRef = 1E2FF4502779943900E3DA30 /* User.swift */; };
		1E2FF4532779944900E3DA30 /* Card.swift in Sources */ = {isa = PBXBuildFile; fileRef = 1E2FF4522779944900E3DA30 /* Card.swift */; };
		1E2FF455277994F300E3DA30 /* CardViewController.swift in Sources */ = {isa = PBXBuildFile; fileRef = 1E2FF454277994F300E3DA30 /* CardViewController.swift */; };
		1E2FF4582779996600E3DA30 /* ImageView.swift in Sources */ = {isa = PBXBuildFile; fileRef = 1E2FF4572779996600E3DA30 /* ImageView.swift */; };
		1E2FF45B277999A200E3DA30 /* Activity.swift in Sources */ = {isa = PBXBuildFile; fileRef = 1E2FF45A277999A200E3DA30 /* Activity.swift */; };
		1E52990F2774AF520078CA41 /* AppDelegate.swift in Sources */ = {isa = PBXBuildFile; fileRef = 1E52990E2774AF520078CA41 /* AppDelegate.swift */; };
		1E5299112774AF520078CA41 /* SceneDelegate.swift in Sources */ = {isa = PBXBuildFile; fileRef = 1E5299102774AF520078CA41 /* SceneDelegate.swift */; };
		1E5299132774AF520078CA41 /* ViewController.swift in Sources */ = {isa = PBXBuildFile; fileRef = 1E5299122774AF520078CA41 /* ViewController.swift */; };
		1E5299162774AF520078CA41 /* Main.storyboard in Resources */ = {isa = PBXBuildFile; fileRef = 1E5299142774AF520078CA41 /* Main.storyboard */; };
		1E5299182774AF560078CA41 /* Assets.xcassets in Resources */ = {isa = PBXBuildFile; fileRef = 1E5299172774AF560078CA41 /* Assets.xcassets */; };
		1E52991B2774AF560078CA41 /* LaunchScreen.storyboard in Resources */ = {isa = PBXBuildFile; fileRef = 1E5299192774AF560078CA41 /* LaunchScreen.storyboard */; };
/* End PBXBuildFile section */

/* Begin PBXFileReference section */
		1E2FF43C277881BA00E3DA30 /* GoogleService-Info.plist */ = {isa = PBXFileReference; fileEncoding = 4; lastKnownFileType = text.plist.xml; path = "GoogleService-Info.plist"; sourceTree = "<group>"; };
		1E2FF4482779935D00E3DA30 /* LadingViewController.swift */ = {isa = PBXFileReference; lastKnownFileType = sourcecode.swift; path = LadingViewController.swift; sourceTree = "<group>"; };
		1E2FF44A277993BB00E3DA30 /* SignUpViewController.swift */ = {isa = PBXFileReference; lastKnownFileType = sourcecode.swift; path = SignUpViewController.swift; sourceTree = "<group>"; };
		1E2FF44C277993DA00E3DA30 /* SignInViewController.swift */ = {isa = PBXFileReference; lastKnownFileType = sourcecode.swift; path = SignInViewController.swift; sourceTree = "<group>"; };
		1E2FF44E277993F800E3DA30 /* HomeViewController.swift */ = {isa = PBXFileReference; lastKnownFileType = sourcecode.swift; path = HomeViewController.swift; sourceTree = "<group>"; };
		1E2FF4502779943900E3DA30 /* User.swift */ = {isa = PBXFileReference; lastKnownFileType = sourcecode.swift; path = User.swift; sourceTree = "<group>"; };
		1E2FF4522779944900E3DA30 /* Card.swift */ = {isa = PBXFileReference; lastKnownFileType = sourcecode.swift; path = Card.swift; sourceTree = "<group>"; };
		1E2FF454277994F300E3DA30 /* CardViewController.swift */ = {isa = PBXFileReference; lastKnownFileType = sourcecode.swift; path = CardViewController.swift; sourceTree = "<group>"; };
		1E2FF4572779996600E3DA30 /* ImageView.swift */ = {isa = PBXFileReference; lastKnownFileType = sourcecode.swift; path = ImageView.swift; sourceTree = "<group>"; };
		1E2FF45A277999A200E3DA30 /* Activity.swift */ = {isa = PBXFileReference; lastKnownFileType = sourcecode.swift; path = Activity.swift; sourceTree = "<group>"; };
		1E52990B2774AF520078CA41 /* Card-Reminder.app */ = {isa = PBXFileReference; explicitFileType = wrapper.application; includeInIndex = 0; path = "Card-Reminder.app"; sourceTree = BUILT_PRODUCTS_DIR; };
		1E52990E2774AF520078CA41 /* AppDelegate.swift */ = {isa = PBXFileReference; lastKnownFileType = sourcecode.swift; path = AppDelegate.swift; sourceTree = "<group>"; };
		1E5299102774AF520078CA41 /* SceneDelegate.swift */ = {isa = PBXFileReference; lastKnownFileType = sourcecode.swift; path = SceneDelegate.swift; sourceTree = "<group>"; };
		1E5299122774AF520078CA41 /* ViewController.swift */ = {isa = PBXFileReference; lastKnownFileType = sourcecode.swift; path = ViewController.swift; sourceTree = "<group>"; };
		1E5299152774AF520078CA41 /* Base */ = {isa = PBXFileReference; lastKnownFileType = file.storyboard; name = Base; path = Base.lproj/Main.storyboard; sourceTree = "<group>"; };
		1E5299172774AF560078CA41 /* Assets.xcassets */ = {isa = PBXFileReference; lastKnownFileType = folder.assetcatalog; path = Assets.xcassets; sourceTree = "<group>"; };
		1E52991A2774AF560078CA41 /* Base */ = {isa = PBXFileReference; lastKnownFileType = file.storyboard; name = Base; path = Base.lproj/LaunchScreen.storyboard; sourceTree = "<group>"; };
		1E52991C2774AF560078CA41 /* Info.plist */ = {isa = PBXFileReference; lastKnownFileType = text.plist.xml; path = Info.plist; sourceTree = "<group>"; };
/* End PBXFileReference section */

/* Begin PBXFrameworksBuildPhase section */
		1E5299082774AF520078CA41 /* Frameworks */ = {
			isa = PBXFrameworksBuildPhase;
			buildActionMask = 2147483647;
			files = (
				1E2FF4402778825E00E3DA30 /* FirebaseAuth in Frameworks */,
				1E2FF4422778825E00E3DA30 /* FirebaseFirestore in Frameworks */,
				1E2FF4442778825E00E3DA30 /* FirebaseStorage in Frameworks */,
			);
			runOnlyForDeploymentPostprocessing = 0;
		};
/* End PBXFrameworksBuildPhase section */

/* Begin PBXGroup section */
		1E2FF4452779611C00E3DA30 /* Model */ = {
			isa = PBXGroup;
			children = (
				1E2FF4502779943900E3DA30 /* User.swift */,
				1E2FF4522779944900E3DA30 /* Card.swift */,
			);
			path = Model;
			sourceTree = "<group>";
		};
		1E2FF4462779613200E3DA30 /* View */ = {
			isa = PBXGroup;
			children = (
				1E5299142774AF520078CA41 /* Main.storyboard */,
				1E5299192774AF560078CA41 /* LaunchScreen.storyboard */,
				1E5299172774AF560078CA41 /* Assets.xcassets */,
			);
			path = View;
			sourceTree = "<group>";
		};
		1E2FF4472779613F00E3DA30 /* Controller */ = {
			isa = PBXGroup;
			children = (
				1E2FF4482779935D00E3DA30 /* LadingViewController.swift */,
				1E2FF44A277993BB00E3DA30 /* SignUpViewController.swift */,
				1E2FF44C277993DA00E3DA30 /* SignInViewController.swift */,
				1E2FF44E277993F800E3DA30 /* HomeViewController.swift */,
				1E2FF454277994F300E3DA30 /* CardViewController.swift */,
			);
			path = Controller;
			sourceTree = "<group>";
		};
		1E2FF4562779993000E3DA30 /* Utill */ = {
			isa = PBXGroup;
			children = (
				1E2FF4572779996600E3DA30 /* ImageView.swift */,
				1E2FF45A277999A200E3DA30 /* Activity.swift */,
			);
			path = Utill;
			sourceTree = "<group>";
		};
		1E5299022774AF520078CA41 = {
			isa = PBXGroup;
			children = (
				1E2FF4562779993000E3DA30 /* Utill */,
				1E2FF4452779611C00E3DA30 /* Model */,
				1E2FF4462779613200E3DA30 /* View */,
				1E2FF4472779613F00E3DA30 /* Controller */,
				1E52990D2774AF520078CA41 /* Card-Reminder */,
				1E52990C2774AF520078CA41 /* Products */,
			);
			sourceTree = "<group>";
		};
		1E52990C2774AF520078CA41 /* Products */ = {
			isa = PBXGroup;
			children = (
				1E52990B2774AF520078CA41 /* Card-Reminder.app */,
			);
			name = Products;
			sourceTree = "<group>";
		};
		1E52990D2774AF520078CA41 /* Card-Reminder */ = {
			isa = PBXGroup;
			children = (
				1E52990E2774AF520078CA41 /* AppDelegate.swift */,
				1E5299102774AF520078CA41 /* SceneDelegate.swift */,
				1E5299122774AF520078CA41 /* ViewController.swift */,
				1E52991C2774AF560078CA41 /* Info.plist */,
				1E2FF43C277881BA00E3DA30 /* GoogleService-Info.plist */,
			);
			path = "Card-Reminder";
			sourceTree = "<group>";
		};
/* End PBXGroup section */

/* Begin PBXNativeTarget section */
		1E52990A2774AF520078CA41 /* Card-Reminder */ = {
			isa = PBXNativeTarget;
			buildConfigurationList = 1E52991F2774AF560078CA41 /* Build configuration list for PBXNativeTarget "Card-Reminder" */;
			buildPhases = (
				1E5299072774AF520078CA41 /* Sources */,
				1E5299082774AF520078CA41 /* Frameworks */,
				1E5299092774AF520078CA41 /* Resources */,
			);
			buildRules = (
			);
			dependencies = (
			);
			name = "Card-Reminder";
			packageProductDependencies = (
				1E2FF43F2778825E00E3DA30 /* FirebaseAuth */,
				1E2FF4412778825E00E3DA30 /* FirebaseFirestore */,
				1E2FF4432778825E00E3DA30 /* FirebaseStorage */,
			);
			productName = "Card-Reminder";
			productReference = 1E52990B2774AF520078CA41 /* Card-Reminder.app */;
			productType = "com.apple.product-type.application";
		};
/* End PBXNativeTarget section */

/* Begin PBXProject section */
		1E5299032774AF520078CA41 /* Project object */ = {
			isa = PBXProject;
			attributes = {
				BuildIndependentTargetsInParallel = 1;
				LastSwiftUpdateCheck = 1320;
				LastUpgradeCheck = 1320;
				TargetAttributes = {
					1E52990A2774AF520078CA41 = {
						CreatedOnToolsVersion = 13.2.1;
					};
				};
			};
			buildConfigurationList = 1E5299062774AF520078CA41 /* Build configuration list for PBXProject "Card-Reminder" */;
			compatibilityVersion = "Xcode 13.0";
			developmentRegion = en;
			hasScannedForEncodings = 0;
			knownRegions = (
				en,
				Base,
			);
			mainGroup = 1E5299022774AF520078CA41;
			packageReferences = (
				1E2FF43E2778825E00E3DA30 /* XCRemoteSwiftPackageReference "firebase-ios-sdk" */,
			);
			productRefGroup = 1E52990C2774AF520078CA41 /* Products */;
			projectDirPath = "";
			projectRoot = "";
			targets = (
				1E52990A2774AF520078CA41 /* Card-Reminder */,
			);
		};
/* End PBXProject section */

/* Begin PBXResourcesBuildPhase section */
		1E5299092774AF520078CA41 /* Resources */ = {
			isa = PBXResourcesBuildPhase;
			buildActionMask = 2147483647;
			files = (
				1E52991B2774AF560078CA41 /* LaunchScreen.storyboard in Resources */,
				1E5299182774AF560078CA41 /* Assets.xcassets in Resources */,
				1E5299162774AF520078CA41 /* Main.storyboard in Resources */,
				1E2FF43D277881BA00E3DA30 /* GoogleService-Info.plist in Resources */,
			);
			runOnlyForDeploymentPostprocessing = 0;
		};
/* End PBXResourcesBuildPhase section */

/* Begin PBXSourcesBuildPhase section */
		1E5299072774AF520078CA41 /* Sources */ = {
			isa = PBXSourcesBuildPhase;
			buildActionMask = 2147483647;
			files = (
				1E5299132774AF520078CA41 /* ViewController.swift in Sources */,
				1E2FF4532779944900E3DA30 /* Card.swift in Sources */,
				1E52990F2774AF520078CA41 /* AppDelegate.swift in Sources */,
				1E2FF44D277993DB00E3DA30 /* SignInViewController.swift in Sources */,
				1E2FF4582779996600E3DA30 /* ImageView.swift in Sources */,
				1E5299112774AF520078CA41 /* SceneDelegate.swift in Sources */,
				1E2FF45B277999A200E3DA30 /* Activity.swift in Sources */,
				1E2FF4512779943900E3DA30 /* User.swift in Sources */,
				1E2FF4492779935D00E3DA30 /* LadingViewController.swift in Sources */,
				1E2FF44F277993F800E3DA30 /* HomeViewController.swift in Sources */,
				1E2FF455277994F300E3DA30 /* CardViewController.swift in Sources */,
				1E2FF44B277993BB00E3DA30 /* SignUpViewController.swift in Sources */,
			);
			runOnlyForDeploymentPostprocessing = 0;
		};
/* End PBXSourcesBuildPhase section */

/* Begin PBXVariantGroup section */
		1E5299142774AF520078CA41 /* Main.storyboard */ = {
			isa = PBXVariantGroup;
			children = (
				1E5299152774AF520078CA41 /* Base */,
			);
			name = Main.storyboard;
			sourceTree = "<group>";
		};
		1E5299192774AF560078CA41 /* LaunchScreen.storyboard */ = {
			isa = PBXVariantGroup;
			children = (
				1E52991A2774AF560078CA41 /* Base */,
			);
			name = LaunchScreen.storyboard;
			sourceTree = "<group>";
		};
/* End PBXVariantGroup section */

/* Begin XCBuildConfiguration section */
		1E52991D2774AF560078CA41 /* Debug */ = {
			isa = XCBuildConfiguration;
			buildSettings = {
				ALWAYS_SEARCH_USER_PATHS = NO;
				CLANG_ANALYZER_NONNULL = YES;
				CLANG_ANALYZER_NUMBER_OBJECT_CONVERSION = YES_AGGRESSIVE;
				CLANG_CXX_LANGUAGE_STANDARD = "gnu++17";
				CLANG_CXX_LIBRARY = "libc++";
				CLANG_ENABLE_MODULES = YES;
				CLANG_ENABLE_OBJC_ARC = YES;
				CLANG_ENABLE_OBJC_WEAK = YES;
				CLANG_WARN_BLOCK_CAPTURE_AUTORELEASING = YES;
				CLANG_WARN_BOOL_CONVERSION = YES;
				CLANG_WARN_COMMA = YES;
				CLANG_WARN_CONSTANT_CONVERSION = YES;
				CLANG_WARN_DEPRECATED_OBJC_IMPLEMENTATIONS = YES;
				CLANG_WARN_DIRECT_OBJC_ISA_USAGE = YES_ERROR;
				CLANG_WARN_DOCUMENTATION_COMMENTS = YES;
				CLANG_WARN_EMPTY_BODY = YES;
				CLANG_WARN_ENUM_CONVERSION = YES;
				CLANG_WARN_INFINITE_RECURSION = YES;
				CLANG_WARN_INT_CONVERSION = YES;
				CLANG_WARN_NON_LITERAL_NULL_CONVERSION = YES;
				CLANG_WARN_OBJC_IMPLICIT_RETAIN_SELF = YES;
				CLANG_WARN_OBJC_LITERAL_CONVERSION = YES;
				CLANG_WARN_OBJC_ROOT_CLASS = YES_ERROR;
				CLANG_WARN_QUOTED_INCLUDE_IN_FRAMEWORK_HEADER = YES;
				CLANG_WARN_RANGE_LOOP_ANALYSIS = YES;
				CLANG_WARN_STRICT_PROTOTYPES = YES;
				CLANG_WARN_SUSPICIOUS_MOVE = YES;
				CLANG_WARN_UNGUARDED_AVAILABILITY = YES_AGGRESSIVE;
				CLANG_WARN_UNREACHABLE_CODE = YES;
				CLANG_WARN__DUPLICATE_METHOD_MATCH = YES;
				COPY_PHASE_STRIP = NO;
				DEBUG_INFORMATION_FORMAT = dwarf;
				ENABLE_STRICT_OBJC_MSGSEND = YES;
				ENABLE_TESTABILITY = YES;
				GCC_C_LANGUAGE_STANDARD = gnu11;
				GCC_DYNAMIC_NO_PIC = NO;
				GCC_NO_COMMON_BLOCKS = YES;
				GCC_OPTIMIZATION_LEVEL = 0;
				GCC_PREPROCESSOR_DEFINITIONS = (
					"DEBUG=1",
					"$(inherited)",
				);
				GCC_WARN_64_TO_32_BIT_CONVERSION = YES;
				GCC_WARN_ABOUT_RETURN_TYPE = YES_ERROR;
				GCC_WARN_UNDECLARED_SELECTOR = YES;
				GCC_WARN_UNINITIALIZED_AUTOS = YES_AGGRESSIVE;
				GCC_WARN_UNUSED_FUNCTION = YES;
				GCC_WARN_UNUSED_VARIABLE = YES;
				IPHONEOS_DEPLOYMENT_TARGET = 15.2;
				MTL_ENABLE_DEBUG_INFO = INCLUDE_SOURCE;
				MTL_FAST_MATH = YES;
				ONLY_ACTIVE_ARCH = YES;
				SDKROOT = iphoneos;
				SWIFT_ACTIVE_COMPILATION_CONDITIONS = DEBUG;
				SWIFT_OPTIMIZATION_LEVEL = "-Onone";
			};
			name = Debug;
		};
		1E52991E2774AF560078CA41 /* Release */ = {
			isa = XCBuildConfiguration;
			buildSettings = {
				ALWAYS_SEARCH_USER_PATHS = NO;
				CLANG_ANALYZER_NONNULL = YES;
				CLANG_ANALYZER_NUMBER_OBJECT_CONVERSION = YES_AGGRESSIVE;
				CLANG_CXX_LANGUAGE_STANDARD = "gnu++17";
				CLANG_CXX_LIBRARY = "libc++";
				CLANG_ENABLE_MODULES = YES;
				CLANG_ENABLE_OBJC_ARC = YES;
				CLANG_ENABLE_OBJC_WEAK = YES;
				CLANG_WARN_BLOCK_CAPTURE_AUTORELEASING = YES;
				CLANG_WARN_BOOL_CONVERSION = YES;
				CLANG_WARN_COMMA = YES;
				CLANG_WARN_CONSTANT_CONVERSION = YES;
				CLANG_WARN_DEPRECATED_OBJC_IMPLEMENTATIONS = YES;
				CLANG_WARN_DIRECT_OBJC_ISA_USAGE = YES_ERROR;
				CLANG_WARN_DOCUMENTATION_COMMENTS = YES;
				CLANG_WARN_EMPTY_BODY = YES;
				CLANG_WARN_ENUM_CONVERSION = YES;
				CLANG_WARN_INFINITE_RECURSION = YES;
				CLANG_WARN_INT_CONVERSION = YES;
				CLANG_WARN_NON_LITERAL_NULL_CONVERSION = YES;
				CLANG_WARN_OBJC_IMPLICIT_RETAIN_SELF = YES;
				CLANG_WARN_OBJC_LITERAL_CONVERSION = YES;
				CLANG_WARN_OBJC_ROOT_CLASS = YES_ERROR;
				CLANG_WARN_QUOTED_INCLUDE_IN_FRAMEWORK_HEADER = YES;
				CLANG_WARN_RANGE_LOOP_ANALYSIS = YES;
				CLANG_WARN_STRICT_PROTOTYPES = YES;
				CLANG_WARN_SUSPICIOUS_MOVE = YES;
				CLANG_WARN_UNGUARDED_AVAILABILITY = YES_AGGRESSIVE;
				CLANG_WARN_UNREACHABLE_CODE = YES;
				CLANG_WARN__DUPLICATE_METHOD_MATCH = YES;
				COPY_PHASE_STRIP = NO;
				DEBUG_INFORMATION_FORMAT = "dwarf-with-dsym";
				ENABLE_NS_ASSERTIONS = NO;
				ENABLE_STRICT_OBJC_MSGSEND = YES;
				GCC_C_LANGUAGE_STANDARD = gnu11;
				GCC_NO_COMMON_BLOCKS = YES;
				GCC_WARN_64_TO_32_BIT_CONVERSION = YES;
				GCC_WARN_ABOUT_RETURN_TYPE = YES_ERROR;
				GCC_WARN_UNDECLARED_SELECTOR = YES;
				GCC_WARN_UNINITIALIZED_AUTOS = YES_AGGRESSIVE;
				GCC_WARN_UNUSED_FUNCTION = YES;
				GCC_WARN_UNUSED_VARIABLE = YES;
				IPHONEOS_DEPLOYMENT_TARGET = 15.2;
				MTL_ENABLE_DEBUG_INFO = NO;
				MTL_FAST_MATH = YES;
				SDKROOT = iphoneos;
				SWIFT_COMPILATION_MODE = wholemodule;
				SWIFT_OPTIMIZATION_LEVEL = "-O";
				VALIDATE_PRODUCT = YES;
			};
			name = Release;
		};
		1E5299202774AF560078CA41 /* Debug */ = {
			isa = XCBuildConfiguration;
			buildSettings = {
				ASSETCATALOG_COMPILER_APPICON_NAME = AppIcon;
				ASSETCATALOG_COMPILER_GLOBAL_ACCENT_COLOR_NAME = AccentColor;
				CODE_SIGN_STYLE = Automatic;
				CURRENT_PROJECT_VERSION = 1;
				DEVELOPMENT_TEAM = FQP67L8BR4;
				GENERATE_INFOPLIST_FILE = YES;
				INFOPLIST_FILE = "Card-Reminder/Info.plist";
				INFOPLIST_KEY_UIApplicationSupportsIndirectInputEvents = YES;
				INFOPLIST_KEY_UILaunchStoryboardName = LaunchScreen;
				INFOPLIST_KEY_UIMainStoryboardFile = Main;
				INFOPLIST_KEY_UISupportedInterfaceOrientations_iPad = "UIInterfaceOrientationPortrait UIInterfaceOrientationPortraitUpsideDown UIInterfaceOrientationLandscapeLeft UIInterfaceOrientationLandscapeRight";
				INFOPLIST_KEY_UISupportedInterfaceOrientations_iPhone = "UIInterfaceOrientationPortrait UIInterfaceOrientationLandscapeLeft UIInterfaceOrientationLandscapeRight";
				LD_RUNPATH_SEARCH_PATHS = (
					"$(inherited)",
					"@executable_path/Frameworks",
				);
				MARKETING_VERSION = 1.0;
				PRODUCT_BUNDLE_IDENTIFIER = "AMAL.Card-Reminder";
				PRODUCT_NAME = "$(TARGET_NAME)";
				SWIFT_EMIT_LOC_STRINGS = YES;
				SWIFT_VERSION = 5.0;
				TARGETED_DEVICE_FAMILY = "1,2";
			};
			name = Debug;
		};
		1E5299212774AF560078CA41 /* Release */ = {
			isa = XCBuildConfiguration;
			buildSettings = {
				ASSETCATALOG_COMPILER_APPICON_NAME = AppIcon;
				ASSETCATALOG_COMPILER_GLOBAL_ACCENT_COLOR_NAME = AccentColor;
				CODE_SIGN_STYLE = Automatic;
				CURRENT_PROJECT_VERSION = 1;
				DEVELOPMENT_TEAM = FQP67L8BR4;
				GENERATE_INFOPLIST_FILE = YES;
				INFOPLIST_FILE = "Card-Reminder/Info.plist";
				INFOPLIST_KEY_UIApplicationSupportsIndirectInputEvents = YES;
				INFOPLIST_KEY_UILaunchStoryboardName = LaunchScreen;
				INFOPLIST_KEY_UIMainStoryboardFile = Main;
				INFOPLIST_KEY_UISupportedInterfaceOrientations_iPad = "UIInterfaceOrientationPortrait UIInterfaceOrientationPortraitUpsideDown UIInterfaceOrientationLandscapeLeft UIInterfaceOrientationLandscapeRight";
				INFOPLIST_KEY_UISupportedInterfaceOrientations_iPhone = "UIInterfaceOrientationPortrait UIInterfaceOrientationLandscapeLeft UIInterfaceOrientationLandscapeRight";
				LD_RUNPATH_SEARCH_PATHS = (
					"$(inherited)",
					"@executable_path/Frameworks",
				);
				MARKETING_VERSION = 1.0;
				PRODUCT_BUNDLE_IDENTIFIER = "AMAL.Card-Reminder";
				PRODUCT_NAME = "$(TARGET_NAME)";
				SWIFT_EMIT_LOC_STRINGS = YES;
				SWIFT_VERSION = 5.0;
				TARGETED_DEVICE_FAMILY = "1,2";
			};
			name = Release;
		};
/* End XCBuildConfiguration section */

/* Begin XCConfigurationList section */
		1E5299062774AF520078CA41 /* Build configuration list for PBXProject "Card-Reminder" */ = {
			isa = XCConfigurationList;
			buildConfigurations = (
				1E52991D2774AF560078CA41 /* Debug */,
				1E52991E2774AF560078CA41 /* Release */,
			);
			defaultConfigurationIsVisible = 0;
			defaultConfigurationName = Release;
		};
		1E52991F2774AF560078CA41 /* Build configuration list for PBXNativeTarget "Card-Reminder" */ = {
			isa = XCConfigurationList;
			buildConfigurations = (
				1E5299202774AF560078CA41 /* Debug */,
				1E5299212774AF560078CA41 /* Release */,
			);
			defaultConfigurationIsVisible = 0;
			defaultConfigurationName = Release;
		};
/* End XCConfigurationList section */

/* Begin XCRemoteSwiftPackageReference section */
		1E2FF43E2778825E00E3DA30 /* XCRemoteSwiftPackageReference "firebase-ios-sdk" */ = {
			isa = XCRemoteSwiftPackageReference;
			repositoryURL = "https://github.com/Amaljeli/firebase-ios-sdk.git";
			requirement = {
				branch = master;
				kind = branch;
			};
		};
/* End XCRemoteSwiftPackageReference section */

/* Begin XCSwiftPackageProductDependency section */
		1E2FF43F2778825E00E3DA30 /* FirebaseAuth */ = {
			isa = XCSwiftPackageProductDependency;
			package = 1E2FF43E2778825E00E3DA30 /* XCRemoteSwiftPackageReference "firebase-ios-sdk" */;
			productName = FirebaseAuth;
		};
		1E2FF4412778825E00E3DA30 /* FirebaseFirestore */ = {
			isa = XCSwiftPackageProductDependency;
			package = 1E2FF43E2778825E00E3DA30 /* XCRemoteSwiftPackageReference "firebase-ios-sdk" */;
			productName = FirebaseFirestore;
		};
		1E2FF4432778825E00E3DA30 /* FirebaseStorage */ = {
			isa = XCSwiftPackageProductDependency;
			package = 1E2FF43E2778825E00E3DA30 /* XCRemoteSwiftPackageReference "firebase-ios-sdk" */;
			productName = FirebaseStorage;
		};
/* End XCSwiftPackageProductDependency section */
	};
	rootObject = 1E5299032774AF520078CA41 /* Project object */;
}
